
Microsoft Visual Studio Solution File, Format Version 12.00
# Visual Studio Version 17
VisualStudioVersion = 17.0.31903.59
MinimumVisualStudioVersion = 10.0.40219.1
Project("{FAE04EC0-301F-11D3-BF4B-00C04F79EFBC}") = "SmartCommunityGarden.Client", "SmartCommunityGarden.Client\SmartCommunityGarden.Client.csproj", "{95BDBA80-C85A-4FE1-B02B-E633FF7FF55E}"
EndProject
Project("{FAE04EC0-301F-11D3-BF4B-00C04F79EFBC}") = "SmartCommunityGarden.Server", "SmartCommunityGarden.Server\SmartCommunityGarden.Server.csproj", "{B3B843A3-2249-471F-B78A-3CB425BFA1DF}"
EndProject
Project("{FAE04EC0-301F-11D3-BF4B-00C04F79EFBC}") = "SmartCommunityGarden.Core", "SmartCommunityGarden.Core\SmartCommunityGarden.Core.csproj", "{E48E34FB-AC03-4C89-930C-88DFBE74AEEE}"
EndProject
Project("{FAE04EC0-301F-11D3-BF4B-00C04F79EFBC}") = "SmartCommunityGarden.Infrastructure", "SmartCommunityGarden.Infrastructure\SmartCommunityGarden.Infrastructure.csproj", "{5F8CD8D7-AC6D-4EB6-AFF3-2F717BFCCA47}"
EndProject
Global
	GlobalSection(SolutionConfigurationPlatforms) = preSolution
		Debug|Any CPU = Debug|Any CPU
		Release|Any CPU = Release|Any CPU
	EndGlobalSection
	GlobalSection(SolutionProperties) = preSolution
		HideSolutionNode = FALSE
	EndGlobalSection
	GlobalSection(ProjectConfigurationPlatforms) = postSolution
		{95BDBA80-C85A-4FE1-B02B-E633FF7FF55E}.Debug|Any CPU.ActiveCfg = Debug|Any CPU
		{95BDBA80-C85A-4FE1-B02B-E633FF7FF55E}.Debug|Any CPU.Build.0 = Debug|Any CPU
		{95BDBA80-C85A-4FE1-B02B-E633FF7FF55E}.Release|Any CPU.ActiveCfg = Release|Any CPU
		{95BDBA80-C85A-4FE1-B02B-E633FF7FF55E}.Release|Any CPU.Build.0 = Release|Any CPU
		{B3B843A3-2249-471F-B78A-3CB425BFA1DF}.Debug|Any CPU.ActiveCfg = Debug|Any CPU
		{B3B843A3-2249-471F-B78A-3CB425BFA1DF}.Debug|Any CPU.Build.0 = Debug|Any CPU
		{B3B843A3-2249-471F-B78A-3CB425BFA1DF}.Release|Any CPU.ActiveCfg = Release|Any CPU
		{B3B843A3-2249-471F-B78A-3CB425BFA1DF}.Release|Any CPU.Build.0 = Release|Any CPU
		{E48E34FB-AC03-4C89-930C-88DFBE74AEEE}.Debug|Any CPU.ActiveCfg = Debug|Any CPU
		{E48E34FB-AC03-4C89-930C-88DFBE74AEEE}.Debug|Any CPU.Build.0 = Debug|Any CPU
		{E48E34FB-AC03-4C89-930C-88DFBE74AEEE}.Release|Any CPU.ActiveCfg = Release|Any CPU
		{E48E34FB-AC03-4C89-930C-88DFBE74AEEE}.Release|Any CPU.Build.0 = Release|Any CPU
		{5F8CD8D7-AC6D-4EB6-AFF3-2F717BFCCA47}.Debug|Any CPU.ActiveCfg = Debug|Any CPU
		{5F8CD8D7-AC6D-4EB6-AFF3-2F717BFCCA47}.Debug|Any CPU.Build.0 = Debug|Any CPU
		{5F8CD8D7-AC6D-4EB6-AFF3-2F717BFCCA47}.Release|Any CPU.ActiveCfg = Release|Any CPU
		{5F8CD8D7-AC6D-4EB6-AFF3-2F717BFCCA47}.Release|Any CPU.Build.0 = Release|Any CPU
	EndGlobalSection
EndGlobal
